
Microsoft Visual Studio Solution File, Format Version 12.00
# Visual Studio Version 17
VisualStudioVersion = 17.4.33205.214
MinimumVisualStudioVersion = 10.0.40219.1
Project("{9A19103F-16F7-4668-BE54-9A1E7A4F7556}") = "BlitMasks", "BlitMask\BlitMask.csproj", "{4B48D28D-B10F-4CFC-BBFA-2C7645C864A4}"
EndProject
Project("{9A19103F-16F7-4668-BE54-9A1E7A4F7556}") = "UnitTests", "BlitMaskTests\UnitTests.csproj", "{E5612A83-EB6B-4286-B819-ADFFF8755487}"
	ProjectSection(ProjectDependencies) = postProject
		{4B48D28D-B10F-4CFC-BBFA-2C7645C864A4} = {4B48D28D-B10F-4CFC-BBFA-2C7645C864A4}
	EndProjectSection
EndProject
Project("{9A19103F-16F7-4668-BE54-9A1E7A4F7556}") = "BlitMaskGenerator", "BlitMaskGenerator\BlitMaskGenerator.csproj", "{107A3037-2D53-4750-B5A0-B01AF36BED8D}"
EndProject
Global
	GlobalSection(SolutionConfigurationPlatforms) = preSolution
		Debug|Any CPU = Debug|Any CPU
		Release|Any CPU = Release|Any CPU
	EndGlobalSection
	GlobalSection(ProjectConfigurationPlatforms) = postSolution
		{4B48D28D-B10F-4CFC-BBFA-2C7645C864A4}.Debug|Any CPU.ActiveCfg = Debug|Any CPU
		{4B48D28D-B10F-4CFC-BBFA-2C7645C864A4}.Debug|Any CPU.Build.0 = Debug|Any CPU
		{4B48D28D-B10F-4CFC-BBFA-2C7645C864A4}.Release|Any CPU.ActiveCfg = Release|Any CPU
		{4B48D28D-B10F-4CFC-BBFA-2C7645C864A4}.Release|Any CPU.Build.0 = Release|Any CPU
		{E5612A83-EB6B-4286-B819-ADFFF8755487}.Debug|Any CPU.ActiveCfg = Debug|Any CPU
		{E5612A83-EB6B-4286-B819-ADFFF8755487}.Debug|Any CPU.Build.0 = Debug|Any CPU
		{E5612A83-EB6B-4286-B819-ADFFF8755487}.Release|Any CPU.ActiveCfg = Release|Any CPU
		{E5612A83-EB6B-4286-B819-ADFFF8755487}.Release|Any CPU.Build.0 = Release|Any CPU
		{107A3037-2D53-4750-B5A0-B01AF36BED8D}.Debug|Any CPU.ActiveCfg = Debug|Any CPU
		{107A3037-2D53-4750-B5A0-B01AF36BED8D}.Debug|Any CPU.Build.0 = Debug|Any CPU
		{107A3037-2D53-4750-B5A0-B01AF36BED8D}.Release|Any CPU.ActiveCfg = Release|Any CPU
		{107A3037-2D53-4750-B5A0-B01AF36BED8D}.Release|Any CPU.Build.0 = Release|Any CPU
	EndGlobalSection
	GlobalSection(SolutionProperties) = preSolution
		HideSolutionNode = FALSE
	EndGlobalSection
	GlobalSection(ExtensibilityGlobals) = postSolution
		SolutionGuid = {7934DCF4-7EA4-484B-A921-346EA0B144A5}
	EndGlobalSection
EndGlobal
